
Microsoft Visual Studio Solution File, Format Version 12.00
# Visual Studio Version 17
VisualStudioVersion = 17.2.32526.322
MinimumVisualStudioVersion = 10.0.40219.1
Project("{8BC9CEB8-8B4A-11D0-8D11-00A0C91BC942}") = "StudentSystem", "StudentSystem\StudentSystem.vcxproj", "{CD86AFC5-001D-4CE8-BF66-1E1D82851C44}"
EndProject
Global
	GlobalSection(SolutionConfigurationPlatforms) = preSolution
		Debug|x64 = Debug|x64
		Debug|x86 = Debug|x86
		Release|x64 = Release|x64
		Release|x86 = Release|x86
	EndGlobalSection
	GlobalSection(ProjectConfigurationPlatforms) = postSolution
		{CD86AFC5-001D-4CE8-BF66-1E1D82851C44}.Debug|x64.ActiveCfg = Debug|x64
		{CD86AFC5-001D-4CE8-BF66-1E1D82851C44}.Debug|x64.Build.0 = Debug|x64
		{CD86AFC5-001D-4CE8-BF66-1E1D82851C44}.Debug|x86.ActiveCfg = Debug|Win32
		{CD86AFC5-001D-4CE8-BF66-1E1D82851C44}.Debug|x86.Build.0 = Debug|Win32
		{CD86AFC5-001D-4CE8-BF66-1E1D82851C44}.Release|x64.ActiveCfg = Release|x64
		{CD86AFC5-001D-4CE8-BF66-1E1D82851C44}.Release|x64.Build.0 = Release|x64
		{CD86AFC5-001D-4CE8-BF66-1E1D82851C44}.Release|x86.ActiveCfg = Release|Win32
		{CD86AFC5-001D-4CE8-BF66-1E1D82851C44}.Release|x86.Build.0 = Release|Win32
	EndGlobalSection
	GlobalSection(SolutionProperties) = preSolution
		HideSolutionNode = FALSE
	EndGlobalSection
	GlobalSection(ExtensibilityGlobals) = postSolution
		SolutionGuid = {D790594A-E4A5-46BF-8E80-B742640E6ECD}
	EndGlobalSection
EndGlobal
